
Microsoft Visual Studio Solution File, Format Version 12.00
# Visual Studio 15
VisualStudioVersion = 15.0.28307.539
MinimumVisualStudioVersion = 10.0.40219.1
Project("{9A19103F-16F7-4668-BE54-9A1E7A4F7556}") = "Sistema.Entidades", "Sistema.Entidades\Sistema.Entidades.csproj", "{396BC30D-ECCA-4596-AB81-E2EB942B0543}"
EndProject
Project("{9A19103F-16F7-4668-BE54-9A1E7A4F7556}") = "Sistema.Web", "Sistema.Web\Sistema.Web.csproj", "{27635251-2937-44AB-AAAB-8D7ECA432EE9}"
EndProject
Project("{FAE04EC0-301F-11D3-BF4B-00C04F79EFBC}") = "Sistema.Datos", "Sistema.Datos\Sistema.Datos.csproj", "{584BC4A6-600C-4C9E-B2B6-22520C978DF2}"
EndProject
Global
	GlobalSection(SolutionConfigurationPlatforms) = preSolution
		Debug|Any CPU = Debug|Any CPU
		Release|Any CPU = Release|Any CPU
	EndGlobalSection
	GlobalSection(ProjectConfigurationPlatforms) = postSolution
		{396BC30D-ECCA-4596-AB81-E2EB942B0543}.Debug|Any CPU.ActiveCfg = Debug|Any CPU
		{396BC30D-ECCA-4596-AB81-E2EB942B0543}.Debug|Any CPU.Build.0 = Debug|Any CPU
		{396BC30D-ECCA-4596-AB81-E2EB942B0543}.Release|Any CPU.ActiveCfg = Release|Any CPU
		{396BC30D-ECCA-4596-AB81-E2EB942B0543}.Release|Any CPU.Build.0 = Release|Any CPU
		{27635251-2937-44AB-AAAB-8D7ECA432EE9}.Debug|Any CPU.ActiveCfg = Debug|Any CPU
		{27635251-2937-44AB-AAAB-8D7ECA432EE9}.Debug|Any CPU.Build.0 = Debug|Any CPU
		{27635251-2937-44AB-AAAB-8D7ECA432EE9}.Release|Any CPU.ActiveCfg = Release|Any CPU
		{27635251-2937-44AB-AAAB-8D7ECA432EE9}.Release|Any CPU.Build.0 = Release|Any CPU
		{584BC4A6-600C-4C9E-B2B6-22520C978DF2}.Debug|Any CPU.ActiveCfg = Debug|Any CPU
		{584BC4A6-600C-4C9E-B2B6-22520C978DF2}.Debug|Any CPU.Build.0 = Debug|Any CPU
		{584BC4A6-600C-4C9E-B2B6-22520C978DF2}.Release|Any CPU.ActiveCfg = Release|Any CPU
		{584BC4A6-600C-4C9E-B2B6-22520C978DF2}.Release|Any CPU.Build.0 = Release|Any CPU
	EndGlobalSection
	GlobalSection(SolutionProperties) = preSolution
		HideSolutionNode = FALSE
	EndGlobalSection
	GlobalSection(ExtensibilityGlobals) = postSolution
		SolutionGuid = {D607DE6F-FC09-45D7-AAD2-5057341828A5}
	EndGlobalSection
EndGlobal
